
Microsoft Visual Studio Solution File, Format Version 12.00
# Visual Studio 15
VisualStudioVersion = 15.0.26403.0
MinimumVisualStudioVersion = 10.0.40219.1
Project("{FAE04EC0-301F-11D3-BF4B-00C04F79EFBC}") = "01. Softuni Coffee Orders", "01. Softuni Coffee Orders\01. Softuni Coffee Orders.csproj", "{4DD48C56-2257-4A71-8718-A428FA1F366F}"
EndProject
Project("{FAE04EC0-301F-11D3-BF4B-00C04F79EFBC}") = "02. Command Interpreter", "02. Command Interpreter\02. Command Interpreter.csproj", "{7584AAE3-6164-4282-88CC-41E471DAE169}"
EndProject
Project("{FAE04EC0-301F-11D3-BF4B-00C04F79EFBC}") = "03. Rage Quit", "03. Rage Quit\03. Rage Quit.csproj", "{F1161221-480D-4B5F-A625-D209C39C586D}"
EndProject
Project("{FAE04EC0-301F-11D3-BF4B-00C04F79EFBC}") = "04. Files", "04. Files\04. Files.csproj", "{CDCBA7F5-CACA-4F59-8147-F1C435A7B806}"
EndProject
Global
	GlobalSection(SolutionConfigurationPlatforms) = preSolution
		Debug|Any CPU = Debug|Any CPU
		Release|Any CPU = Release|Any CPU
	EndGlobalSection
	GlobalSection(ProjectConfigurationPlatforms) = postSolution
		{4DD48C56-2257-4A71-8718-A428FA1F366F}.Debug|Any CPU.ActiveCfg = Debug|Any CPU
		{4DD48C56-2257-4A71-8718-A428FA1F366F}.Debug|Any CPU.Build.0 = Debug|Any CPU
		{4DD48C56-2257-4A71-8718-A428FA1F366F}.Release|Any CPU.ActiveCfg = Release|Any CPU
		{4DD48C56-2257-4A71-8718-A428FA1F366F}.Release|Any CPU.Build.0 = Release|Any CPU
		{7584AAE3-6164-4282-88CC-41E471DAE169}.Debug|Any CPU.ActiveCfg = Debug|Any CPU
		{7584AAE3-6164-4282-88CC-41E471DAE169}.Debug|Any CPU.Build.0 = Debug|Any CPU
		{7584AAE3-6164-4282-88CC-41E471DAE169}.Release|Any CPU.ActiveCfg = Release|Any CPU
		{7584AAE3-6164-4282-88CC-41E471DAE169}.Release|Any CPU.Build.0 = Release|Any CPU
		{F1161221-480D-4B5F-A625-D209C39C586D}.Debug|Any CPU.ActiveCfg = Debug|Any CPU
		{F1161221-480D-4B5F-A625-D209C39C586D}.Debug|Any CPU.Build.0 = Debug|Any CPU
		{F1161221-480D-4B5F-A625-D209C39C586D}.Release|Any CPU.ActiveCfg = Release|Any CPU
		{F1161221-480D-4B5F-A625-D209C39C586D}.Release|Any CPU.Build.0 = Release|Any CPU
		{CDCBA7F5-CACA-4F59-8147-F1C435A7B806}.Debug|Any CPU.ActiveCfg = Debug|Any CPU
		{CDCBA7F5-CACA-4F59-8147-F1C435A7B806}.Debug|Any CPU.Build.0 = Debug|Any CPU
		{CDCBA7F5-CACA-4F59-8147-F1C435A7B806}.Release|Any CPU.ActiveCfg = Release|Any CPU
		{CDCBA7F5-CACA-4F59-8147-F1C435A7B806}.Release|Any CPU.Build.0 = Release|Any CPU
	EndGlobalSection
	GlobalSection(SolutionProperties) = preSolution
		HideSolutionNode = FALSE
	EndGlobalSection
EndGlobal
